<?xml version="1.0" encoding="utf-8"?>
<Project ToolsVersion="4.0" xmlns="http://schemas.microsoft.com/developer/msbuild/2003">
  <ItemGroup>
    <FxCompile Include="Src\FX\DeferredLightingComputeShader.hlsl">
      <Filter>Shaders\Compute Shaders</Filter>
    </FxCompile>
    <FxCompile Include="Src\FX\DeferredLightingGeometryShader.hlsl">
      <Filter>Shaders\Geometry Shader</Filter>
    </FxCompile>
    <FxCompile Include="Src\FX\DeferredLightingPixelShader.hlsl">
      <Filter>Shaders\Pixel Shader</Filter>
    </FxCompile>
    <FxCompile Include="Src\FX\DeferredLightingVertexShader.hlsl">
      <Filter>Shaders\Vertex Shader</Filter>
    </FxCompile>
    <FxCompile Include="Src\FX\GBufferPixelShader.hlsl">
      <Filter>Shaders\Pixel Shader</Filter>
    </FxCompile>
    <FxCompile Include="Src\FX\GBufferVertexShader.hlsl">
      <Filter>Shaders\Vertex Shader</Filter>
    </FxCompile>
    <FxCompile Include="Src\FX\SkyboxGeometryShader.hlsl">
      <Filter>Shaders\Geometry Shader</Filter>
    </FxCompile>
    <FxCompile Include="Src\FX\SkyboxPixelShader.hlsl">
      <Filter>Shaders\Pixel Shader</Filter>
    </FxCompile>
  </ItemGroup>
  <ItemGroup>
    <ClCompile Include="Src\Main.cpp" />
    <ClCompile Include="Src\Game Objects\Lights\LightManager.cpp">
      <Filter>Game Objects\Lights</Filter>
    </ClCompile>
    <ClCompile Include="Src\Camera\Camera.cpp">
      <Filter>Camera\Source</Filter>
    </ClCompile>
    <ClCompile Include="Src\Camera\CameraManager.cpp">
      <Filter>Camera\Source</Filter>
    </ClCompile>
    <ClCompile Include="Src\Game\Definitions.cpp">
      <Filter>Game\Source</Filter>
    </ClCompile>
    <ClCompile Include="Src\Game\Game.cpp">
      <Filter>Game\Source</Filter>
    </ClCompile>
    <ClCompile Include="Src\Game Objects\Component System\BaseComponent.cpp">
      <Filter>Game Objects\Component System\Source</Filter>
    </ClCompile>
    <ClCompile Include="Src\Game Objects\Component System\Component.cpp">
      <Filter>Game Objects\Component System\Source</Filter>
    </ClCompile>
    <ClCompile Include="Src\Game Objects\Component System\ConstantBufferComponent.cpp">
      <Filter>Game Objects\Component System\Render Components\Source</Filter>
    </ClCompile>
    <ClCompile Include="Src\Game Objects\Component System\IndexBufferComponent.cpp">
      <Filter>Game Objects\Component System\Render Components\Source</Filter>
    </ClCompile>
    <ClCompile Include="Src\Game Objects\Component System\RenderComponent.cpp">
      <Filter>Game Objects\Component System\Render Components\Source</Filter>
    </ClCompile>
    <ClCompile Include="Src\Game Objects\Component System\VertexBufferComponent.cpp">
      <Filter>Game Objects\Component System\Render Components\Source</Filter>
    </ClCompile>
    <ClCompile Include="Src\Game Objects\BaseObject.cpp">
      <Filter>Game Objects\Source</Filter>
    </ClCompile>
    <ClCompile Include="Src\Game Objects\ObjectManager.cpp">
      <Filter>Game Objects\Source</Filter>
    </ClCompile>
    <ClCompile Include="Src\Game Objects\ScreenSpaceObject.cpp">
      <Filter>Game Objects\Source</Filter>
    </ClCompile>
    <ClCompile Include="Src\Game Objects\WorldObject.cpp">
      <Filter>Game Objects\Source</Filter>
    </ClCompile>
    <ClCompile Include="Src\Game Objects\FBXModel.cpp">
      <Filter>Game Objects\Header</Filter>
    </ClCompile>
    <ClCompile Include="Src\Input\DirectInput.cpp">
      <Filter>Input\Source</Filter>
    </ClCompile>
    <ClCompile Include="Src\States\MainMenuState.cpp">
      <Filter>Game States\Source</Filter>
    </ClCompile>
    <ClCompile Include="Src\States\GamePlayState.cpp">
      <Filter>Game States\Source</Filter>
    </ClCompile>
    <ClCompile Include="Src\Utility\DDS Texture Loader\DDSTextureLoader.cpp">
      <Filter>Utility\DDS Texture Loader\Source</Filter>
    </ClCompile>
    <ClCompile Include="Src\Utility\Math\MathHelper.cpp">
      <Filter>Utility\Math\Source</Filter>
    </ClCompile>
    <ClCompile Include="Src\Utility\Misc\DebugOutput.cpp">
      <Filter>Utility\Misc\Source</Filter>
    </ClCompile>
    <ClCompile Include="Src\Utility\Misc\TerrainGenerator.cpp">
      <Filter>Utility\Misc\Source</Filter>
    </ClCompile>
    <ClCompile Include="Src\Utility\Misc\Timer.cpp">
      <Filter>Utility\Misc\Source</Filter>
    </ClCompile>
    <ClCompile Include="Src\Utility\Model Loaders\FBXLoader.cpp">
      <Filter>Utility\Model Loaders\Source</Filter>
    </ClCompile>
    <ClCompile Include="Src\Utility\Model Loaders\ObjLoader.cpp">
      <Filter>Utility\Model Loaders\Source</Filter>
    </ClCompile>
    <ClCompile Include="Src\Sound\SoundManager.cpp">
      <Filter>Sound\Source</Filter>
    </ClCompile>
    <ClCompile Include="Src\Renderer\D3D11Renderer.cpp">
      <Filter>Renderer\Source</Filter>
    </ClCompile>
    <ClCompile Include="Src\Renderer\ShaderManager.cpp">
      <Filter>Renderer\Source</Filter>
    </ClCompile>
    <ClCompile Include="Src\Renderer\TextureManager.cpp">
      <Filter>Renderer\Source</Filter>
    </ClCompile>
    <ClCompile Include="Src\Sound\SoundManager3D.cpp">
      <Filter>Sound\Source</Filter>
    </ClCompile>
  </ItemGroup>
  <ItemGroup>
    <ClInclude Include="Src\Game Objects\Lights\AmbientLight.h">
      <Filter>Game Objects\Lights</Filter>
    </ClInclude>
    <ClInclude Include="Src\Game Objects\Lights\DirectionalLight.h">
      <Filter>Game Objects\Lights</Filter>
    </ClInclude>
    <ClInclude Include="Src\Game Objects\Lights\LightManager.h">
      <Filter>Game Objects\Lights</Filter>
    </ClInclude>
    <ClInclude Include="Src\Game Objects\Lights\PointLight.h">
      <Filter>Game Objects\Lights</Filter>
    </ClInclude>
    <ClInclude Include="Src\Camera\CameraManager.h">
      <Filter>Camera\Header</Filter>
    </ClInclude>
    <ClInclude Include="Src\Camera\Camera.h">
      <Filter>Camera\Header</Filter>
    </ClInclude>
    <ClInclude Include="Src\Game\Definitions.h">
      <Filter>Game\Header</Filter>
    </ClInclude>
    <ClInclude Include="Src\Game\Game.h">
      <Filter>Game\Header</Filter>
    </ClInclude>
    <ClInclude Include="Src\Game Objects\Component System\BaseComponent.h">
      <Filter>Game Objects\Component System\Header</Filter>
    </ClInclude>
    <ClInclude Include="Src\Game Objects\Component System\Component.h">
      <Filter>Game Objects\Component System\Header</Filter>
    </ClInclude>
    <ClInclude Include="Src\Game Objects\Component System\ComponentSystemDefinitions.h">
      <Filter>Game Objects\Component System\Header</Filter>
    </ClInclude>
    <ClInclude Include="Src\Game Objects\Component System\ConstantBufferComponent.h">
      <Filter>Game Objects\Component System\Render Components\Header</Filter>
    </ClInclude>
    <ClInclude Include="Src\Game Objects\Component System\ConstantBufferUpdateFunctions.h">
      <Filter>Game Objects\Component System\Render Components\Header</Filter>
    </ClInclude>
    <ClInclude Include="Src\Game Objects\Component System\IndexBufferComponent.h">
      <Filter>Game Objects\Component System\Render Components\Header</Filter>
    </ClInclude>
    <ClInclude Include="Src\Game Objects\Component System\RenderComponent.h">
      <Filter>Game Objects\Component System\Render Components\Header</Filter>
    </ClInclude>
    <ClInclude Include="Src\Game Objects\Component System\VertexBufferComponent.h">
      <Filter>Game Objects\Component System\Render Components\Header</Filter>
    </ClInclude>
    <ClInclude Include="Src\Game Objects\BaseObject.h">
      <Filter>Game Objects\Header</Filter>
    </ClInclude>
    <ClInclude Include="Src\Game Objects\ObjectManager.h">
      <Filter>Game Objects\Header</Filter>
    </ClInclude>
    <ClInclude Include="Src\Game Objects\ScreenSpaceObject.h">
      <Filter>Game Objects\Header</Filter>
    </ClInclude>
    <ClInclude Include="Src\Game Objects\WorldObject.h">
      <Filter>Game Objects\Header</Filter>
    </ClInclude>
    <ClInclude Include="Src\Input\DirectInput.h">
      <Filter>Input\Header</Filter>
    </ClInclude>
    <ClInclude Include="IGameState.h">
      <Filter>Game States\Header</Filter>
    </ClInclude>
    <ClInclude Include="GamePlayState.h">
      <Filter>Game States\Header</Filter>
    </ClInclude>
    <ClInclude Include="MainMenuState.h">
      <Filter>Game States\Header</Filter>
    </ClInclude>
    <ClInclude Include="Src\Utility\DDS Texture Loader\DDSTextureLoader.h">
      <Filter>Utility\DDS Texture Loader\Header</Filter>
    </ClInclude>
    <ClInclude Include="Src\Utility\Math\MathHelper.h">
      <Filter>Utility\Math\Header</Filter>
    </ClInclude>
    <ClInclude Include="Src\Utility\Misc\DebugOutput.h">
      <Filter>Utility\Misc\Header</Filter>
    </ClInclude>
    <ClInclude Include="Src\Utility\Misc\TerrainGenerator.h">
      <Filter>Utility\Misc\Header</Filter>
    </ClInclude>
    <ClInclude Include="Src\Utility\Misc\Timer.h">
      <Filter>Utility\Misc\Header</Filter>
    </ClInclude>
    <ClInclude Include="Src\Utility\Model Loaders\ObjLoader.h">
      <Filter>Utility\Model Loaders\Header</Filter>
    </ClInclude>
    <ClInclude Include="Src\Utility\Model Loaders\FBXLoader.h">
      <Filter>Utility\Model Loaders\Header</Filter>
    </ClInclude>
    <ClInclude Include="Src\Utility\Geometry Makers\GeometryMaker.h">
      <Filter>Utility\Model Loaders\Header</Filter>
    </ClInclude>
    <ClInclude Include="Src\Sound\SoundManager.h">
      <Filter>Sound\Header</Filter>
    </ClInclude>
    <ClInclude Include="Src\Renderer\TextureManager.h">
      <Filter>Renderer\Header</Filter>
    </ClInclude>
    <ClInclude Include="Src\Renderer\D3D11Renderer.h">
      <Filter>Renderer\Header</Filter>
    </ClInclude>
    <ClInclude Include="Src\Renderer\ShaderManager.h">
      <Filter>Renderer\Header</Filter>
    </ClInclude>
    <ClInclude Include="Src\Sound\SoundManager3D.h">
      <Filter>Sound\Header</Filter>
    </ClInclude>
    <ClInclude Include="Src\Game Objects\FBXModel.h">
      <Filter>Game Objects\Component System\Header</Filter>
    </ClInclude>
  </ItemGroup>
  <ItemGroup>
    <Filter Include="Camera">
      <UniqueIdentifier>{724139b6-1429-4458-a5e5-0e1153069f97}</UniqueIdentifier>
    </Filter>
    <Filter Include="Shaders">
      <UniqueIdentifier>{dbe6bde5-ad9b-4b06-98fd-991170b558ce}</UniqueIdentifier>
    </Filter>
    <Filter Include="Game">
      <UniqueIdentifier>{657daf90-4a0f-42e3-9927-b068e1aa1075}</UniqueIdentifier>
    </Filter>
    <Filter Include="Game Objects">
      <UniqueIdentifier>{752e1888-51c1-4cf9-b44c-6837c6065e4d}</UniqueIdentifier>
    </Filter>
    <Filter Include="Input">
      <UniqueIdentifier>{673dfa07-0bf7-40c7-bcae-1f5dd4058c6f}</UniqueIdentifier>
    </Filter>
    <Filter Include="Renderer">
      <UniqueIdentifier>{1c1036e9-7695-4f25-8507-a66ba1f16c58}</UniqueIdentifier>
    </Filter>
    <Filter Include="Sound">
      <UniqueIdentifier>{f559d5a0-466a-42b1-98ee-2a1d041ad75e}</UniqueIdentifier>
    </Filter>
    <Filter Include="Game States">
      <UniqueIdentifier>{2c20fc1f-e5b0-4711-b197-a4f3a2e1ce89}</UniqueIdentifier>
    </Filter>
    <Filter Include="Utility">
      <UniqueIdentifier>{b9a4f52b-ccc1-4274-814e-163d9dbb3c69}</UniqueIdentifier>
    </Filter>
    <Filter Include="Game Objects\Lights">
      <UniqueIdentifier>{c2c1c722-860e-4f72-8c5a-1a5d0b1ac28d}</UniqueIdentifier>
    </Filter>
    <Filter Include="Game Objects\Component System">
      <UniqueIdentifier>{deed4023-716c-4489-a6a2-5fb95cebc498}</UniqueIdentifier>
    </Filter>
    <Filter Include="Physics">
      <UniqueIdentifier>{7c606e47-5d69-4152-b275-d0e6ff6399fa}</UniqueIdentifier>
    </Filter>
    <Filter Include="Utility\DDS Texture Loader">
      <UniqueIdentifier>{3b97f6a2-95dc-40c2-8041-ca5158b5032b}</UniqueIdentifier>
    </Filter>
    <Filter Include="Utility\Math">
      <UniqueIdentifier>{597f5bff-7842-416c-957c-f8f87f032578}</UniqueIdentifier>
    </Filter>
    <Filter Include="Utility\Misc">
      <UniqueIdentifier>{acc7c5fa-1f96-42d0-aa8c-2bb602b544dc}</UniqueIdentifier>
    </Filter>
    <Filter Include="Utility\Model Loaders">
      <UniqueIdentifier>{45917954-64e0-49b6-a5ca-23c847d0967e}</UniqueIdentifier>
    </Filter>
    <Filter Include="Shaders\Vertex Shader">
      <UniqueIdentifier>{7a262d9d-000e-4e4c-a851-9bfda3050d11}</UniqueIdentifier>
    </Filter>
    <Filter Include="Shaders\Geometry Shader">
      <UniqueIdentifier>{04673103-92a2-44b3-9651-cacb5937d323}</UniqueIdentifier>
    </Filter>
    <Filter Include="Shaders\Pixel Shader">
      <UniqueIdentifier>{7ddf548e-7230-40a4-8907-0837105c31d7}</UniqueIdentifier>
    </Filter>
    <Filter Include="Shaders\Compute Shaders">
      <UniqueIdentifier>{1f817c9a-f99d-4d58-a34e-826af73af25f}</UniqueIdentifier>
    </Filter>
    <Filter Include="Camera\Header">
      <UniqueIdentifier>{e33cc7f9-8e44-4610-9493-301341931c63}</UniqueIdentifier>
    </Filter>
    <Filter Include="Camera\Source">
      <UniqueIdentifier>{be7abd3e-a437-48c3-aaa1-d3cc5b426d9a}</UniqueIdentifier>
    </Filter>
    <Filter Include="Game\Header">
      <UniqueIdentifier>{7facbf90-5284-4cd4-91c2-74f6b127d35e}</UniqueIdentifier>
    </Filter>
    <Filter Include="Game\Source">
      <UniqueIdentifier>{1a9b59c2-f1e0-47ca-b8c2-233a6bb820af}</UniqueIdentifier>
    </Filter>
    <Filter Include="Game Objects\Component System\Render Components">
      <UniqueIdentifier>{f6d1b3bb-b732-4048-897a-10d775a9c95b}</UniqueIdentifier>
    </Filter>
    <Filter Include="Game Objects\Component System\Header">
      <UniqueIdentifier>{1be1216e-68bb-4593-9a40-a4a07aa51e50}</UniqueIdentifier>
    </Filter>
    <Filter Include="Game Objects\Component System\Source">
      <UniqueIdentifier>{b952c4bb-0ed8-404d-b08c-8e9fb91c3941}</UniqueIdentifier>
    </Filter>
    <Filter Include="Game Objects\Component System\Render Components\Header">
      <UniqueIdentifier>{37764d2d-d413-4a3c-b492-0f968814952b}</UniqueIdentifier>
    </Filter>
    <Filter Include="Game Objects\Component System\Render Components\Source">
      <UniqueIdentifier>{68c5d711-829c-4e29-884a-644ab65490b7}</UniqueIdentifier>
    </Filter>
    <Filter Include="Game Objects\Header">
      <UniqueIdentifier>{4f4bd5b9-03b3-474d-a91a-f06ca4d2d4ef}</UniqueIdentifier>
    </Filter>
    <Filter Include="Game Objects\Source">
      <UniqueIdentifier>{08510d1b-2e14-4a56-bcaa-80db4d114ea6}</UniqueIdentifier>
    </Filter>
    <Filter Include="Input\Header">
      <UniqueIdentifier>{ba768e08-efea-4a6b-abb8-be08a6c024f9}</UniqueIdentifier>
    </Filter>
    <Filter Include="Input\Source">
      <UniqueIdentifier>{340b3b67-6ba3-4157-8842-5ab9e40745dd}</UniqueIdentifier>
    </Filter>
    <Filter Include="Game States\Header">
      <UniqueIdentifier>{7e8f783a-28bd-4ed0-9bb3-b19c923d6c36}</UniqueIdentifier>
    </Filter>
    <Filter Include="Game States\Source">
      <UniqueIdentifier>{f30b9d58-09b2-4284-ae85-f14ee9a728ec}</UniqueIdentifier>
    </Filter>
    <Filter Include="Utility\DDS Texture Loader\Header">
      <UniqueIdentifier>{978feb1c-bbf1-4889-9ff4-b148c240ae79}</UniqueIdentifier>
    </Filter>
    <Filter Include="Utility\DDS Texture Loader\Source">
      <UniqueIdentifier>{ba823238-0ca2-4bc0-bc20-761f9021ec03}</UniqueIdentifier>
    </Filter>
    <Filter Include="Utility\Math\Header">
      <UniqueIdentifier>{ac2b0c1c-969b-48dd-a374-bca29d5e30d2}</UniqueIdentifier>
    </Filter>
    <Filter Include="Utility\Math\Source">
      <UniqueIdentifier>{909796b1-7b9f-4320-94eb-d8084c23e125}</UniqueIdentifier>
    </Filter>
    <Filter Include="Utility\Misc\Header">
      <UniqueIdentifier>{96f77d84-5c1d-4b10-aa08-8d2348c7785b}</UniqueIdentifier>
    </Filter>
    <Filter Include="Utility\Misc\Source">
      <UniqueIdentifier>{6b5ddbd2-abc6-4d5b-bb3b-20de5193b429}</UniqueIdentifier>
    </Filter>
    <Filter Include="Utility\Model Loaders\Header">
      <UniqueIdentifier>{8c926987-24e5-41d8-99bf-829310637501}</UniqueIdentifier>
    </Filter>
    <Filter Include="Utility\Model Loaders\Source">
      <UniqueIdentifier>{6fefef99-e2ac-4148-b787-c5105a91c2cb}</UniqueIdentifier>
    </Filter>
    <Filter Include="Sound\Header">
      <UniqueIdentifier>{1bed60c6-0032-4cc5-9c28-4decaf64d989}</UniqueIdentifier>
    </Filter>
    <Filter Include="Sound\Source">
      <UniqueIdentifier>{a8a936e7-f892-4eb4-991b-c0cf7d849f9b}</UniqueIdentifier>
    </Filter>
    <Filter Include="Renderer\Header">
      <UniqueIdentifier>{4e259d10-267a-4c30-8286-a7acf899b268}</UniqueIdentifier>
    </Filter>
    <Filter Include="Renderer\Source">
      <UniqueIdentifier>{85a98b45-a36a-4aa5-95a8-770f3b06493a}</UniqueIdentifier>
    </Filter>
  </ItemGroup>
</Project>