<?xml version="1.0" encoding="utf-8"?>
<Project ToolsVersion="4.0" xmlns="http://schemas.microsoft.com/developer/msbuild/2003">
  <ItemGroup>
    <Filter Include="Source Files">
      <UniqueIdentifier>{4FC737F1-C7A5-4376-A066-2A32D752A2FF}</UniqueIdentifier>
      <Extensions>cpp;c;cc;cxx;def;odl;idl;hpj;bat;asm;asmx</Extensions>
    </Filter>
    <Filter Include="Header Files">
      <UniqueIdentifier>{93995380-89BD-4b04-88EB-625FBE52EBFB}</UniqueIdentifier>
      <Extensions>h;hpp;hxx;hm;inl;inc;xsd</Extensions>
    </Filter>
    <Filter Include="Resource Files">
      <UniqueIdentifier>{67DA6AB6-F800-4c08-8B7A-83BB121AAD01}</UniqueIdentifier>
      <Extensions>rc;ico;cur;bmp;dlg;rc2;rct;bin;rgs;gif;jpg;jpeg;jpe;resx;tiff;tif;png;wav;mfcribbon-ms</Extensions>
    </Filter>
    <Filter Include="Misc">
      <UniqueIdentifier>{48bb0ee7-7d5c-4755-b8c7-b1adf7208e7f}</UniqueIdentifier>
    </Filter>
    <Filter Include="Misc\Timer">
      <UniqueIdentifier>{be030de2-0d26-482c-85a1-18583647f6b6}</UniqueIdentifier>
    </Filter>
    <Filter Include="Misc\Debug Output">
      <UniqueIdentifier>{67027f62-bf93-4949-b916-1af6632767f6}</UniqueIdentifier>
    </Filter>
    <Filter Include="Renderer">
      <UniqueIdentifier>{3d153a05-6c55-426c-a624-41e09ed9300c}</UniqueIdentifier>
    </Filter>
    <Filter Include="Misc\Math Helpers">
      <UniqueIdentifier>{d1abbac3-7552-4b97-b7d1-2312b30ef64d}</UniqueIdentifier>
    </Filter>
    <Filter Include="Camera">
      <UniqueIdentifier>{263403a2-04f2-4699-b07e-6037fab363db}</UniqueIdentifier>
    </Filter>
    <Filter Include="Shaders">
      <UniqueIdentifier>{e329d539-d4a7-4b25-87ee-6b8c8721d032}</UniqueIdentifier>
    </Filter>
    <Filter Include="Input">
      <UniqueIdentifier>{428964d1-a87f-48ce-8740-ec3246cee3fb}</UniqueIdentifier>
    </Filter>
    <Filter Include="Game Objects">
      <UniqueIdentifier>{a12880a9-8ab5-44ce-8d60-356d8f345e7c}</UniqueIdentifier>
    </Filter>
  </ItemGroup>
  <ItemGroup>
    <ClCompile Include="Src\Main.cpp">
      <Filter>Source Files</Filter>
    </ClCompile>
    <ClCompile Include="Src\Game\Definitions.cpp">
      <Filter>Source Files</Filter>
    </ClCompile>
    <ClCompile Include="Src\Game\Game.cpp">
      <Filter>Source Files</Filter>
    </ClCompile>
    <ClCompile Include="Src\Utility\Misc\DebugOutput.cpp">
      <Filter>Misc\Debug Output</Filter>
    </ClCompile>
    <ClCompile Include="Src\Utility\Math\MathHelper.cpp">
      <Filter>Misc\Math Helpers</Filter>
    </ClCompile>
    <ClCompile Include="Src\Utility\Misc\Timer.cpp">
      <Filter>Misc\Timer</Filter>
    </ClCompile>
    <ClCompile Include="Src\Renderer\D3D11Renderer.cpp">
      <Filter>Renderer</Filter>
    </ClCompile>
    <ClCompile Include="Src\Camera\Camera.cpp">
      <Filter>Camera</Filter>
    </ClCompile>
    <ClCompile Include="Src\Renderer\ShaderManager.cpp">
      <Filter>Renderer</Filter>
    </ClCompile>
    <ClCompile Include="Src\Input\DirectInput.cpp">
      <Filter>Input</Filter>
    </ClCompile>
    <ClCompile Include="Src\Renderer\TextureManager.cpp">
      <Filter>Renderer</Filter>
    </ClCompile>
    <ClCompile Include="Src\Game Objects\BaseObject.cpp">
      <Filter>Game Objects</Filter>
    </ClCompile>
  </ItemGroup>
  <ItemGroup>
    <ClInclude Include="Src\Game\Definitions.h">
      <Filter>Source Files</Filter>
    </ClInclude>
    <ClInclude Include="Src\Game\Game.h">
      <Filter>Source Files</Filter>
    </ClInclude>
    <ClInclude Include="Src\Utility\Misc\DebugOutput.h">
      <Filter>Misc\Debug Output</Filter>
    </ClInclude>
    <ClInclude Include="Src\Utility\Math\MathHelper.h">
      <Filter>Misc\Math Helpers</Filter>
    </ClInclude>
    <ClInclude Include="Src\Utility\Misc\Timer.h">
      <Filter>Misc\Timer</Filter>
    </ClInclude>
    <ClInclude Include="Src\Renderer\D3D11Renderer.h">
      <Filter>Renderer</Filter>
    </ClInclude>
    <ClInclude Include="Src\Camera\Camera.h">
      <Filter>Camera</Filter>
    </ClInclude>
    <ClInclude Include="Src\Renderer\ShaderManager.h">
      <Filter>Renderer</Filter>
    </ClInclude>
    <ClInclude Include="Src\Input\DirectInput.h">
      <Filter>Input</Filter>
    </ClInclude>
    <ClInclude Include="Src\Renderer\TextureManager.h">
      <Filter>Renderer</Filter>
    </ClInclude>
    <ClInclude Include="Src\Game Objects\BaseObject.h">
      <Filter>Game Objects</Filter>
    </ClInclude>
  </ItemGroup>
  <ItemGroup>
    <FxCompile Include="Src\FX\VertexShader.hlsl">
      <Filter>Shaders</Filter>
    </FxCompile>
    <FxCompile Include="Src\FX\PixelShader.hlsl">
      <Filter>Shaders</Filter>
    </FxCompile>
    <FxCompile Include="Src\FX\TextureVertexShader.hlsl">
      <Filter>Shaders</Filter>
    </FxCompile>
    <FxCompile Include="Src\FX\TexturePixelShader.hlsl">
      <Filter>Shaders</Filter>
    </FxCompile>
  </ItemGroup>
</Project>